
Microsoft Visual Studio Solution File, Format Version 12.00
# Visual Studio Version 16
VisualStudioVersion = 16.0.31313.79
MinimumVisualStudioVersion = 10.0.40219.1
Project("{FAE04EC0-301F-11D3-BF4B-00C04F79EFBC}") = "BuyoutsContollerAmazonHub", "BuyoutsContollerAmazonHub\BuyoutsContollerAmazonHub.csproj", "{4CA1D739-BD3A-49AB-8E7C-3ECF3F4457E7}"
EndProject
Global
	GlobalSection(SolutionConfigurationPlatforms) = preSolution
		Debug|Any CPU = Debug|Any CPU
		Release|Any CPU = Release|Any CPU
	EndGlobalSection
	GlobalSection(ProjectConfigurationPlatforms) = postSolution
		{4CA1D739-BD3A-49AB-8E7C-3ECF3F4457E7}.Debug|Any CPU.ActiveCfg = Debug|Any CPU
		{4CA1D739-BD3A-49AB-8E7C-3ECF3F4457E7}.Debug|Any CPU.Build.0 = Debug|Any CPU
		{4CA1D739-BD3A-49AB-8E7C-3ECF3F4457E7}.Release|Any CPU.ActiveCfg = Release|Any CPU
		{4CA1D739-BD3A-49AB-8E7C-3ECF3F4457E7}.Release|Any CPU.Build.0 = Release|Any CPU
	EndGlobalSection
	GlobalSection(SolutionProperties) = preSolution
		HideSolutionNode = FALSE
	EndGlobalSection
	GlobalSection(ExtensibilityGlobals) = postSolution
		SolutionGuid = {2F4CCF8B-CB97-415F-8E6B-20469D3EF49E}
	EndGlobalSection
EndGlobal
